
Microsoft Visual Studio Solution File, Format Version 12.00
# Visual Studio Version 16
VisualStudioVersion = 16.0.31105.61
MinimumVisualStudioVersion = 10.0.40219.1
Project("{FAE04EC0-301F-11D3-BF4B-00C04F79EFBC}") = "lab12", "lab12\lab12.csproj", "{7FA37A88-1A2E-470A-8853-E7A73DD488CF}"
EndProject
Global
	GlobalSection(SolutionConfigurationPlatforms) = preSolution
		Debug|Any CPU = Debug|Any CPU
		Release|Any CPU = Release|Any CPU
	EndGlobalSection
	GlobalSection(ProjectConfigurationPlatforms) = postSolution
		{7FA37A88-1A2E-470A-8853-E7A73DD488CF}.Debug|Any CPU.ActiveCfg = Debug|Any CPU
		{7FA37A88-1A2E-470A-8853-E7A73DD488CF}.Debug|Any CPU.Build.0 = Debug|Any CPU
		{7FA37A88-1A2E-470A-8853-E7A73DD488CF}.Release|Any CPU.ActiveCfg = Release|Any CPU
		{7FA37A88-1A2E-470A-8853-E7A73DD488CF}.Release|Any CPU.Build.0 = Release|Any CPU
	EndGlobalSection
	GlobalSection(SolutionProperties) = preSolution
		HideSolutionNode = FALSE
	EndGlobalSection
	GlobalSection(ExtensibilityGlobals) = postSolution
		SolutionGuid = {F711F944-452B-49D5-90BC-89D3FBE7C352}
	EndGlobalSection
EndGlobal
